PODS:
  - AFNetworking (2.2.3):
    - AFNetworking/NSURLConnection
    - AFNetworking/NSURLSession
    - AFNetworking/Reachability
    - AFNetworking/Security
    - AFNetworking/Serialization
    - AFNetworking/UIKit
  - AFNetworking/NSURLConnection (2.2.3):
    - AFNetworking/Reachability
    - AFNetworking/Security
    - AFNetworking/Serialization
  - AFNetworking/NSURLSession (2.2.3):
    - AFNetworking/NSURLConnection
  - AFNetworking/Reachability (2.2.3)
  - AFNetworking/Security (2.2.3)
  - AFNetworking/Serialization (2.2.3)
  - AFNetworking/UIKit (2.2.3):
    - AFNetworking/NSURLConnection
    - AFNetworking/NSURLSession
  - CocoaLumberjack (1.9.1):
    - CocoaLumberjack/CLI
    - CocoaLumberjack/Core
    - CocoaLumberjack/Extensions
  - CocoaLumberjack/CLI (1.9.1):
    - CocoaLumberjack/Core
  - CocoaLumberjack/Core (1.9.1)
  - CocoaLumberjack/Extensions (1.9.1):
    - CocoaLumberjack/Core
  - PureLayout (1.1.0)

DEPENDENCIES:
  - AFNetworking (~> 2.0)
  - CocoaLumberjack
  - PureLayout

SPEC CHECKSUMS:
  AFNetworking: 47947303319594706f48a55185ea95a95159ab94
  CocoaLumberjack: 94accd5749f5c5d15134c8d50f34a973aed8ef69
  PureLayout: c8960fa0f3b40d849d5e177d699d0148faa63b63

COCOAPODS: 0.32.1
